
Microsoft Visual Studio Solution File, Format Version 12.00
# Visual Studio 14
VisualStudioVersion = 14.0.25420.1
MinimumVisualStudioVersion = 10.0.40219.1
Project("{FAE04EC0-301F-11D3-BF4B-00C04F79EFBC}") = "System.IO.Compression.FileSystem", "System.IO.Compression.FileSystem\System.IO.Compression.FileSystem.csproj", "{C1A2107D-8A2B-407A-A160-F8BA0ADC79C0}"
EndProject
Project("{FAE04EC0-301F-11D3-BF4B-00C04F79EFBC}") = "System.IO.Compression", "System.IO.Compression\System.IO.Compression.csproj", "{EB5B8E71-17B0-4F18-A667-003075CDB718}"
EndProject
Global
	GlobalSection(SolutionConfigurationPlatforms) = preSolution
		Debug|Any CPU = Debug|Any CPU
		Release|Any CPU = Release|Any CPU
	EndGlobalSection
	GlobalSection(ProjectConfigurationPlatforms) = postSolution
		{C1A2107D-8A2B-407A-A160-F8BA0ADC79C0}.Debug|Any CPU.ActiveCfg = Debug|Any CPU
		{C1A2107D-8A2B-407A-A160-F8BA0ADC79C0}.Debug|Any CPU.Build.0 = Debug|Any CPU
		{C1A2107D-8A2B-407A-A160-F8BA0ADC79C0}.Release|Any CPU.ActiveCfg = Release|Any CPU
		{C1A2107D-8A2B-407A-A160-F8BA0ADC79C0}.Release|Any CPU.Build.0 = Release|Any CPU
		{EB5B8E71-17B0-4F18-A667-003075CDB718}.Debug|Any CPU.ActiveCfg = Debug|Any CPU
		{EB5B8E71-17B0-4F18-A667-003075CDB718}.Debug|Any CPU.Build.0 = Debug|Any CPU
		{EB5B8E71-17B0-4F18-A667-003075CDB718}.Release|Any CPU.ActiveCfg = Release|Any CPU
		{EB5B8E71-17B0-4F18-A667-003075CDB718}.Release|Any CPU.Build.0 = Release|Any CPU
	EndGlobalSection
	GlobalSection(SolutionProperties) = preSolution
		HideSolutionNode = FALSE
	EndGlobalSection
EndGlobal
